
Microsoft Visual Studio Solution File, Format Version 12.00
# Visual Studio Version 16
VisualStudioVersion = 16.0.31424.327
MinimumVisualStudioVersion = 10.0.40219.1
Project("{9A19103F-16F7-4668-BE54-9A1E7A4F7556}") = "Shopping.Client", "Shopping.Client\Shopping.Client.csproj", "{DDABA669-55A4-4B39-BD16-442367417A69}"
EndProject
Project("{FAE04EC0-301F-11D3-BF4B-00C04F79EFBC}") = "Shopping.API", "Shopping.API\Shopping.API.csproj", "{0FB25402-0B90-4F0F-A5A2-857993A92B75}"
EndProject
Project("{E53339B2-1760-4266-BCC7-CA923CBCF16C}") = "docker-compose", "docker-compose.dcproj", "{1A9B3E2E-0768-47AF-AC7D-06ABBF620B75}"
EndProject
Global
	GlobalSection(SolutionConfigurationPlatforms) = preSolution
		Debug|Any CPU = Debug|Any CPU
		Release|Any CPU = Release|Any CPU
	EndGlobalSection
	GlobalSection(ProjectConfigurationPlatforms) = postSolution
		{DDABA669-55A4-4B39-BD16-442367417A69}.Debug|Any CPU.ActiveCfg = Debug|Any CPU
		{DDABA669-55A4-4B39-BD16-442367417A69}.Debug|Any CPU.Build.0 = Debug|Any CPU
		{DDABA669-55A4-4B39-BD16-442367417A69}.Release|Any CPU.ActiveCfg = Release|Any CPU
		{DDABA669-55A4-4B39-BD16-442367417A69}.Release|Any CPU.Build.0 = Release|Any CPU
		{0FB25402-0B90-4F0F-A5A2-857993A92B75}.Debug|Any CPU.ActiveCfg = Debug|Any CPU
		{0FB25402-0B90-4F0F-A5A2-857993A92B75}.Debug|Any CPU.Build.0 = Debug|Any CPU
		{0FB25402-0B90-4F0F-A5A2-857993A92B75}.Release|Any CPU.ActiveCfg = Release|Any CPU
		{0FB25402-0B90-4F0F-A5A2-857993A92B75}.Release|Any CPU.Build.0 = Release|Any CPU
		{1A9B3E2E-0768-47AF-AC7D-06ABBF620B75}.Debug|Any CPU.ActiveCfg = Debug|Any CPU
		{1A9B3E2E-0768-47AF-AC7D-06ABBF620B75}.Debug|Any CPU.Build.0 = Debug|Any CPU
		{1A9B3E2E-0768-47AF-AC7D-06ABBF620B75}.Release|Any CPU.ActiveCfg = Release|Any CPU
		{1A9B3E2E-0768-47AF-AC7D-06ABBF620B75}.Release|Any CPU.Build.0 = Release|Any CPU
	EndGlobalSection
	GlobalSection(SolutionProperties) = preSolution
		HideSolutionNode = FALSE
	EndGlobalSection
	GlobalSection(ExtensibilityGlobals) = postSolution
		SolutionGuid = {F8DDEF64-1281-40BD-BCC7-26B4FAF264EE}
	EndGlobalSection
EndGlobal
