
Microsoft Visual Studio Solution File, Format Version 12.00
# Visual Studio Version 16
VisualStudioVersion = 16.0.31424.327
MinimumVisualStudioVersion = 10.0.40219.1
Project("{FAE04EC0-301F-11D3-BF4B-00C04F79EFBC}") = "Shopping.Client", "Shopping.Client\Shopping.Client.csproj", "{DDABA669-55A4-4B39-BD16-442367417A69}"
EndProject
Global
	GlobalSection(SolutionConfigurationPlatforms) = preSolution
		Debug|Any CPU = Debug|Any CPU
		Release|Any CPU = Release|Any CPU
	EndGlobalSection
	GlobalSection(ProjectConfigurationPlatforms) = postSolution
		{DDABA669-55A4-4B39-BD16-442367417A69}.Debug|Any CPU.ActiveCfg = Debug|Any CPU
		{DDABA669-55A4-4B39-BD16-442367417A69}.Debug|Any CPU.Build.0 = Debug|Any CPU
		{DDABA669-55A4-4B39-BD16-442367417A69}.Release|Any CPU.ActiveCfg = Release|Any CPU
		{DDABA669-55A4-4B39-BD16-442367417A69}.Release|Any CPU.Build.0 = Release|Any CPU
	EndGlobalSection
	GlobalSection(SolutionProperties) = preSolution
		HideSolutionNode = FALSE
	EndGlobalSection
	GlobalSection(ExtensibilityGlobals) = postSolution
		SolutionGuid = {F8DDEF64-1281-40BD-BCC7-26B4FAF264EE}
	EndGlobalSection
EndGlobal
